
Microsoft Visual Studio Solution File, Format Version 12.00
# Visual Studio Version 17
VisualStudioVersion = 17.10.35027.167
MinimumVisualStudioVersion = 10.0.40219.1
Project("{FAE04EC0-301F-11D3-BF4B-00C04F79EFBC}") = "YahtBoss", "YahtBoss\YahtBoss.csproj", "{42A01476-F0D0-4D1D-AB39-7052283F6340}"
EndProject
Project("{FAE04EC0-301F-11D3-BF4B-00C04F79EFBC}") = "YahtBoss.Domain", "YahtBoss.Domain\YahtBoss.Domain.csproj", "{F70051E5-0AD2-49BF-97EA-A9B4DCF47DCC}"
EndProject
Project("{FAE04EC0-301F-11D3-BF4B-00C04F79EFBC}") = "YahtBoss.DataAccess", "YahtBoss.DataAccess\YahtBoss.DataAccess.csproj", "{3E96040D-18E5-4263-A03E-2DA608325098}"
EndProject
Global
	GlobalSection(SolutionConfigurationPlatforms) = preSolution
		Debug|Any CPU = Debug|Any CPU
		Release|Any CPU = Release|Any CPU
	EndGlobalSection
	GlobalSection(ProjectConfigurationPlatforms) = postSolution
		{42A01476-F0D0-4D1D-AB39-7052283F6340}.Debug|Any CPU.ActiveCfg = Debug|Any CPU
		{42A01476-F0D0-4D1D-AB39-7052283F6340}.Debug|Any CPU.Build.0 = Debug|Any CPU
		{42A01476-F0D0-4D1D-AB39-7052283F6340}.Release|Any CPU.ActiveCfg = Release|Any CPU
		{42A01476-F0D0-4D1D-AB39-7052283F6340}.Release|Any CPU.Build.0 = Release|Any CPU
		{F70051E5-0AD2-49BF-97EA-A9B4DCF47DCC}.Debug|Any CPU.ActiveCfg = Debug|Any CPU
		{F70051E5-0AD2-49BF-97EA-A9B4DCF47DCC}.Debug|Any CPU.Build.0 = Debug|Any CPU
		{F70051E5-0AD2-49BF-97EA-A9B4DCF47DCC}.Release|Any CPU.ActiveCfg = Release|Any CPU
		{F70051E5-0AD2-49BF-97EA-A9B4DCF47DCC}.Release|Any CPU.Build.0 = Release|Any CPU
		{3E96040D-18E5-4263-A03E-2DA608325098}.Debug|Any CPU.ActiveCfg = Debug|Any CPU
		{3E96040D-18E5-4263-A03E-2DA608325098}.Debug|Any CPU.Build.0 = Debug|Any CPU
		{3E96040D-18E5-4263-A03E-2DA608325098}.Release|Any CPU.ActiveCfg = Release|Any CPU
		{3E96040D-18E5-4263-A03E-2DA608325098}.Release|Any CPU.Build.0 = Release|Any CPU
	EndGlobalSection
	GlobalSection(SolutionProperties) = preSolution
		HideSolutionNode = FALSE
	EndGlobalSection
	GlobalSection(ExtensibilityGlobals) = postSolution
		SolutionGuid = {7BD1D167-1870-48BA-8F70-9BDBE6710D7B}
	EndGlobalSection
EndGlobal
